<Solution>
  <Configurations>
    <Platform Name="Any CPU" />
    <Platform Name="x64" />
    <Platform Name="x86" />
  </Configurations>
  <Project Path="SSApp.Data/SSApp.Data.csproj" />
  <Project Path="SSApp.Native/SSApp.Native.vcxproj" Id="4d06d489-a9ac-441e-9321-3ddcaecfd29c" />
  <Project Path="SSApp.Services/SSApp.Services.csproj" />
  <Project Path="SSApp.UI/SSApp.UI.csproj" />
</Solution>
